PODS:
  - AFNetworking (2.6.3):
    - AFNetworking/NSURLConnection (= 2.6.3)
    - AFNetworking/NSURLSession (= 2.6.3)
    - AFNetworking/Reachability (= 2.6.3)
    - AFNetworking/Security (= 2.6.3)
    - AFNetworking/Serialization (= 2.6.3)
    - AFNetworking/UIKit (= 2.6.3)
  - AFNetworking/NSURLConnection (2.6.3):
    - AFNetworking/Reachability
    - AFNetworking/Security
    - AFNetworking/Serialization
  - AFNetworking/NSURLSession (2.6.3):
    - AFNetworking/Reachability
    - AFNetworking/Security
    - AFNetworking/Serialization
  - AFNetworking/Reachability (2.6.3)
  - AFNetworking/Security (2.6.3)
  - AFNetworking/Serialization (2.6.3)
  - AFNetworking/UIKit (2.6.3):
    - AFNetworking/NSURLConnection
    - AFNetworking/NSURLSession
  - JSONModel (1.2.0)
  - SDWebImage (3.7.5):
    - SDWebImage/Core (= 3.7.5)
  - SDWebImage/Core (3.7.5)
  - SVPullToRefresh (0.4.1)
  - TLYShyNavBar (1.0.0)

DEPENDENCIES:
  - AFNetworking (~> 2.5)
  - JSONModel
  - SDWebImage (~> 3.7)
  - SVPullToRefresh
  - TLYShyNavBar

SPEC CHECKSUMS:
  AFNetworking: cb8d14a848e831097108418f5d49217339d4eb60
  JSONModel: 12523685c4b623553ccf844bbbf7007624317b2c
  SDWebImage: 69c6303e3348fba97e03f65d65d4fbc26740f461
  SVPullToRefresh: ba2e718695a43253d8bea6852d2960097dc15d8c
  TLYShyNavBar: d313a1c50c58cb7af744829120eaa33ca8a998ce

COCOAPODS: 0.39.0
